
Microsoft Visual Studio Solution File, Format Version 12.00
# Visual Studio Version 17
VisualStudioVersion = 17.3.32922.545
MinimumVisualStudioVersion = 10.0.40219.1
Project("{FAE04EC0-301F-11D3-BF4B-00C04F79EFBC}") = "biblioteca", "biblioteca\biblioteca.csproj", "{5A9343C1-16B2-48AC-ACCA-7CB59A3EEF7A}"
EndProject
Global
	GlobalSection(SolutionConfigurationPlatforms) = preSolution
		Debug|Any CPU = Debug|Any CPU
		Release|Any CPU = Release|Any CPU
	EndGlobalSection
	GlobalSection(ProjectConfigurationPlatforms) = postSolution
		{5A9343C1-16B2-48AC-ACCA-7CB59A3EEF7A}.Debug|Any CPU.ActiveCfg = Debug|Any CPU
		{5A9343C1-16B2-48AC-ACCA-7CB59A3EEF7A}.Debug|Any CPU.Build.0 = Debug|Any CPU
		{5A9343C1-16B2-48AC-ACCA-7CB59A3EEF7A}.Release|Any CPU.ActiveCfg = Release|Any CPU
		{5A9343C1-16B2-48AC-ACCA-7CB59A3EEF7A}.Release|Any CPU.Build.0 = Release|Any CPU
	EndGlobalSection
	GlobalSection(SolutionProperties) = preSolution
		HideSolutionNode = FALSE
	EndGlobalSection
	GlobalSection(ExtensibilityGlobals) = postSolution
		SolutionGuid = {68F680C3-B7C8-4234-AAD9-F6958B3D01DB}
	EndGlobalSection
EndGlobal
